// !$*UTF8*$!
{
	archiveVersion = 1;
	classes = {
	};
	objectVersion = 56;
	objects = {

/* Begin PBXBuildFile section */
		041A68272C8E26A300392037 /* AuthenticationManager.swift in Sources */ = {isa = PBXBuildFile; fileRef = 041A68262C8E26A300392037 /* AuthenticationManager.swift */; };
		041A682A2C8E2ACE00392037 /* EmailView.swift in Sources */ = {isa = PBXBuildFile; fileRef = 041A68292C8E2ACE00392037 /* EmailView.swift */; };
		041A682C2C8E2AD600392037 /* EmailViewModel.swift in Sources */ = {isa = PBXBuildFile; fileRef = 041A682B2C8E2AD600392037 /* EmailViewModel.swift */; };
		041A682F2C8EB0E000392037 /* LargeButtonModifier.swift in Sources */ = {isa = PBXBuildFile; fileRef = 041A682E2C8EB0E000392037 /* LargeButtonModifier.swift */; };
		041A68312C8EB1BC00392037 /* FieldModifier.swift in Sources */ = {isa = PBXBuildFile; fileRef = 041A68302C8EB1BC00392037 /* FieldModifier.swift */; };
		041A68332C8EB41700392037 /* FieldTitle.swift in Sources */ = {isa = PBXBuildFile; fileRef = 041A68322C8EB41700392037 /* FieldTitle.swift */; };
		04F76D632C8E1D5B00DF30C0 /* MessagingAppApp.swift in Sources */ = {isa = PBXBuildFile; fileRef = 04F76D622C8E1D5B00DF30C0 /* MessagingAppApp.swift */; };
		04F76D652C8E1D5B00DF30C0 /* ContentView.swift in Sources */ = {isa = PBXBuildFile; fileRef = 04F76D642C8E1D5B00DF30C0 /* ContentView.swift */; };
		04F76D672C8E1D5D00DF30C0 /* Assets.xcassets in Resources */ = {isa = PBXBuildFile; fileRef = 04F76D662C8E1D5D00DF30C0 /* Assets.xcassets */; };
		04F76D6A2C8E1D5D00DF30C0 /* Preview Assets.xcassets in Resources */ = {isa = PBXBuildFile; fileRef = 04F76D692C8E1D5D00DF30C0 /* Preview Assets.xcassets */; };
		04F76D712C8E1E3F00DF30C0 /* GoogleService-Info.plist in Resources */ = {isa = PBXBuildFile; fileRef = 04F76D702C8E1E3F00DF30C0 /* GoogleService-Info.plist */; };
		04F76D742C8E1E9100DF30C0 /* FirebaseAuth in Frameworks */ = {isa = PBXBuildFile; productRef = 04F76D732C8E1E9100DF30C0 /* FirebaseAuth */; };
		04F76D762C8E1E9100DF30C0 /* FirebaseAuthCombine-Community in Frameworks */ = {isa = PBXBuildFile; productRef = 04F76D752C8E1E9100DF30C0 /* FirebaseAuthCombine-Community */; };
		04F76D782C8E1E9100DF30C0 /* FirebaseFirestore in Frameworks */ = {isa = PBXBuildFile; productRef = 04F76D772C8E1E9100DF30C0 /* FirebaseFirestore */; };
		04F76D7A2C8E1E9100DF30C0 /* FirebaseFirestoreCombine-Community in Frameworks */ = {isa = PBXBuildFile; productRef = 04F76D792C8E1E9100DF30C0 /* FirebaseFirestoreCombine-Community */; };
		04F76D7C2C8E1E9100DF30C0 /* FirebaseStorage in Frameworks */ = {isa = PBXBuildFile; productRef = 04F76D7B2C8E1E9100DF30C0 /* FirebaseStorage */; };
		04F76D7E2C8E1E9100DF30C0 /* FirebaseStorageCombine-Community in Frameworks */ = {isa = PBXBuildFile; productRef = 04F76D7D2C8E1E9100DF30C0 /* FirebaseStorageCombine-Community */; };
		04F76D812C8E201300DF30C0 /* AuthenticationModel.swift in Sources */ = {isa = PBXBuildFile; fileRef = 04F76D802C8E201300DF30C0 /* AuthenticationModel.swift */; };
		04F76D832C8E20CC00DF30C0 /* AuthenticationView.swift in Sources */ = {isa = PBXBuildFile; fileRef = 04F76D822C8E20CC00DF30C0 /* AuthenticationView.swift */; };
		04F76D852C8E22CA00DF30C0 /* HomeView.swift in Sources */ = {isa = PBXBuildFile; fileRef = 04F76D842C8E22CA00DF30C0 /* HomeView.swift */; };
/* End PBXBuildFile section */

/* Begin PBXFileReference section */
		041A68262C8E26A300392037 /* AuthenticationManager.swift */ = {isa = PBXFileReference; lastKnownFileType = sourcecode.swift; path = AuthenticationManager.swift; sourceTree = "<group>"; };
		041A68292C8E2ACE00392037 /* EmailView.swift */ = {isa = PBXFileReference; lastKnownFileType = sourcecode.swift; path = EmailView.swift; sourceTree = "<group>"; };
		041A682B2C8E2AD600392037 /* EmailViewModel.swift */ = {isa = PBXFileReference; lastKnownFileType = sourcecode.swift; path = EmailViewModel.swift; sourceTree = "<group>"; };
		041A682E2C8EB0E000392037 /* LargeButtonModifier.swift */ = {isa = PBXFileReference; lastKnownFileType = sourcecode.swift; path = LargeButtonModifier.swift; sourceTree = "<group>"; };
		041A68302C8EB1BC00392037 /* FieldModifier.swift */ = {isa = PBXFileReference; lastKnownFileType = sourcecode.swift; path = FieldModifier.swift; sourceTree = "<group>"; };
		041A68322C8EB41700392037 /* FieldTitle.swift */ = {isa = PBXFileReference; lastKnownFileType = sourcecode.swift; path = FieldTitle.swift; sourceTree = "<group>"; };
		04F76D5F2C8E1D5B00DF30C0 /* MessagingApp.app */ = {isa = PBXFileReference; explicitFileType = wrapper.application; includeInIndex = 0; path = MessagingApp.app; sourceTree = BUILT_PRODUCTS_DIR; };
		04F76D622C8E1D5B00DF30C0 /* MessagingAppApp.swift */ = {isa = PBXFileReference; lastKnownFileType = sourcecode.swift; path = MessagingAppApp.swift; sourceTree = "<group>"; };
		04F76D642C8E1D5B00DF30C0 /* ContentView.swift */ = {isa = PBXFileReference; lastKnownFileType = sourcecode.swift; path = ContentView.swift; sourceTree = "<group>"; };
		04F76D662C8E1D5D00DF30C0 /* Assets.xcassets */ = {isa = PBXFileReference; lastKnownFileType = folder.assetcatalog; path = Assets.xcassets; sourceTree = "<group>"; };
		04F76D692C8E1D5D00DF30C0 /* Preview Assets.xcassets */ = {isa = PBXFileReference; lastKnownFileType = folder.assetcatalog; path = "Preview Assets.xcassets"; sourceTree = "<group>"; };
		04F76D702C8E1E3F00DF30C0 /* GoogleService-Info.plist */ = {isa = PBXFileReference; fileEncoding = 4; lastKnownFileType = text.plist.xml; path = "GoogleService-Info.plist"; sourceTree = "<group>"; };
		04F76D802C8E201300DF30C0 /* AuthenticationModel.swift */ = {isa = PBXFileReference; lastKnownFileType = sourcecode.swift; path = AuthenticationModel.swift; sourceTree = "<group>"; };
		04F76D822C8E20CC00DF30C0 /* AuthenticationView.swift */ = {isa = PBXFileReference; lastKnownFileType = sourcecode.swift; path = AuthenticationView.swift; sourceTree = "<group>"; };
		04F76D842C8E22CA00DF30C0 /* HomeView.swift */ = {isa = PBXFileReference; lastKnownFileType = sourcecode.swift; path = HomeView.swift; sourceTree = "<group>"; };
/* End PBXFileReference section */

/* Begin PBXFrameworksBuildPhase section */
		04F76D5C2C8E1D5B00DF30C0 /* Frameworks */ = {
			isa = PBXFrameworksBuildPhase;
			buildActionMask = 2147483647;
			files = (
				04F76D742C8E1E9100DF30C0 /* FirebaseAuth in Frameworks */,
				04F76D7A2C8E1E9100DF30C0 /* FirebaseFirestoreCombine-Community in Frameworks */,
				04F76D762C8E1E9100DF30C0 /* FirebaseAuthCombine-Community in Frameworks */,
				04F76D7C2C8E1E9100DF30C0 /* FirebaseStorage in Frameworks */,
				04F76D7E2C8E1E9100DF30C0 /* FirebaseStorageCombine-Community in Frameworks */,
				04F76D782C8E1E9100DF30C0 /* FirebaseFirestore in Frameworks */,
			);
			runOnlyForDeploymentPostprocessing = 0;
		};
/* End PBXFrameworksBuildPhase section */

/* Begin PBXGroup section */
		041A68282C8E2AC000392037 /* Email */ = {
			isa = PBXGroup;
			children = (
				041A68292C8E2ACE00392037 /* EmailView.swift */,
				041A682B2C8E2AD600392037 /* EmailViewModel.swift */,
			);
			path = Email;
			sourceTree = "<group>";
		};
		041A682D2C8EB0A800392037 /* Modifier */ = {
			isa = PBXGroup;
			children = (
				041A682E2C8EB0E000392037 /* LargeButtonModifier.swift */,
				041A68302C8EB1BC00392037 /* FieldModifier.swift */,
				041A68322C8EB41700392037 /* FieldTitle.swift */,
			);
			path = Modifier;
			sourceTree = "<group>";
		};
		04F76D562C8E1D5B00DF30C0 = {
			isa = PBXGroup;
			children = (
				04F76D612C8E1D5B00DF30C0 /* MessagingApp */,
				04F76D602C8E1D5B00DF30C0 /* Products */,
			);
			sourceTree = "<group>";
		};
		04F76D602C8E1D5B00DF30C0 /* Products */ = {
			isa = PBXGroup;
			children = (
				04F76D5F2C8E1D5B00DF30C0 /* MessagingApp.app */,
			);
			name = Products;
			sourceTree = "<group>";
		};
		04F76D612C8E1D5B00DF30C0 /* MessagingApp */ = {
			isa = PBXGroup;
			children = (
				041A682D2C8EB0A800392037 /* Modifier */,
				04F76D862C8E22D200DF30C0 /* Home */,
				04F76D7F2C8E1FF400DF30C0 /* Authentication */,
				04F76D622C8E1D5B00DF30C0 /* MessagingAppApp.swift */,
				04F76D642C8E1D5B00DF30C0 /* ContentView.swift */,
				04F76D702C8E1E3F00DF30C0 /* GoogleService-Info.plist */,
				04F76D662C8E1D5D00DF30C0 /* Assets.xcassets */,
				04F76D682C8E1D5D00DF30C0 /* Preview Content */,
			);
			path = MessagingApp;
			sourceTree = "<group>";
		};
		04F76D682C8E1D5D00DF30C0 /* Preview Content */ = {
			isa = PBXGroup;
			children = (
				04F76D692C8E1D5D00DF30C0 /* Preview Assets.xcassets */,
			);
			path = "Preview Content";
			sourceTree = "<group>";
		};
		04F76D7F2C8E1FF400DF30C0 /* Authentication */ = {
			isa = PBXGroup;
			children = (
				041A68282C8E2AC000392037 /* Email */,
				04F76D802C8E201300DF30C0 /* AuthenticationModel.swift */,
				04F76D822C8E20CC00DF30C0 /* AuthenticationView.swift */,
				041A68262C8E26A300392037 /* AuthenticationManager.swift */,
			);
			path = Authentication;
			sourceTree = "<group>";
		};
		04F76D862C8E22D200DF30C0 /* Home */ = {
			isa = PBXGroup;
			children = (
				04F76D842C8E22CA00DF30C0 /* HomeView.swift */,
			);
			path = Home;
			sourceTree = "<group>";
		};
/* End PBXGroup section */

/* Begin PBXNativeTarget section */
		04F76D5E2C8E1D5B00DF30C0 /* MessagingApp */ = {
			isa = PBXNativeTarget;
			buildConfigurationList = 04F76D6D2C8E1D5D00DF30C0 /* Build configuration list for PBXNativeTarget "MessagingApp" */;
			buildPhases = (
				04F76D5B2C8E1D5B00DF30C0 /* Sources */,
				04F76D5C2C8E1D5B00DF30C0 /* Frameworks */,
				04F76D5D2C8E1D5B00DF30C0 /* Resources */,
			);
			buildRules = (
			);
			dependencies = (
			);
			name = MessagingApp;
			packageProductDependencies = (
				04F76D732C8E1E9100DF30C0 /* FirebaseAuth */,
				04F76D752C8E1E9100DF30C0 /* FirebaseAuthCombine-Community */,
				04F76D772C8E1E9100DF30C0 /* FirebaseFirestore */,
				04F76D792C8E1E9100DF30C0 /* FirebaseFirestoreCombine-Community */,
				04F76D7B2C8E1E9100DF30C0 /* FirebaseStorage */,
				04F76D7D2C8E1E9100DF30C0 /* FirebaseStorageCombine-Community */,
			);
			productName = MessagingApp;
			productReference = 04F76D5F2C8E1D5B00DF30C0 /* MessagingApp.app */;
			productType = "com.apple.product-type.application";
		};
/* End PBXNativeTarget section */

/* Begin PBXProject section */
		04F76D572C8E1D5B00DF30C0 /* Project object */ = {
			isa = PBXProject;
			attributes = {
				BuildIndependentTargetsInParallel = 1;
				LastSwiftUpdateCheck = 1540;
				LastUpgradeCheck = 1540;
				TargetAttributes = {
					04F76D5E2C8E1D5B00DF30C0 = {
						CreatedOnToolsVersion = 15.4;
					};
				};
			};
			buildConfigurationList = 04F76D5A2C8E1D5B00DF30C0 /* Build configuration list for PBXProject "MessagingApp" */;
			compatibilityVersion = "Xcode 14.0";
			developmentRegion = en;
			hasScannedForEncodings = 0;
			knownRegions = (
				en,
				Base,
			);
			mainGroup = 04F76D562C8E1D5B00DF30C0;
			packageReferences = (
				04F76D722C8E1E9100DF30C0 /* XCRemoteSwiftPackageReference "firebase-ios-sdk" */,
			);
			productRefGroup = 04F76D602C8E1D5B00DF30C0 /* Products */;
			projectDirPath = "";
			projectRoot = "";
			targets = (
				04F76D5E2C8E1D5B00DF30C0 /* MessagingApp */,
			);
		};
/* End PBXProject section */

/* Begin PBXResourcesBuildPhase section */
		04F76D5D2C8E1D5B00DF30C0 /* Resources */ = {
			isa = PBXResourcesBuildPhase;
			buildActionMask = 2147483647;
			files = (
				04F76D6A2C8E1D5D00DF30C0 /* Preview Assets.xcassets in Resources */,
				04F76D712C8E1E3F00DF30C0 /* GoogleService-Info.plist in Resources */,
				04F76D672C8E1D5D00DF30C0 /* Assets.xcassets in Resources */,
			);
			runOnlyForDeploymentPostprocessing = 0;
		};
/* End PBXResourcesBuildPhase section */

/* Begin PBXSourcesBuildPhase section */
		04F76D5B2C8E1D5B00DF30C0 /* Sources */ = {
			isa = PBXSourcesBuildPhase;
			buildActionMask = 2147483647;
			files = (
				04F76D812C8E201300DF30C0 /* AuthenticationModel.swift in Sources */,
				04F76D652C8E1D5B00DF30C0 /* ContentView.swift in Sources */,
				041A682F2C8EB0E000392037 /* LargeButtonModifier.swift in Sources */,
				041A68312C8EB1BC00392037 /* FieldModifier.swift in Sources */,
				04F76D832C8E20CC00DF30C0 /* AuthenticationView.swift in Sources */,
				041A68332C8EB41700392037 /* FieldTitle.swift in Sources */,
				041A682C2C8E2AD600392037 /* EmailViewModel.swift in Sources */,
				041A682A2C8E2ACE00392037 /* EmailView.swift in Sources */,
				041A68272C8E26A300392037 /* AuthenticationManager.swift in Sources */,
				04F76D852C8E22CA00DF30C0 /* HomeView.swift in Sources */,
				04F76D632C8E1D5B00DF30C0 /* MessagingAppApp.swift in Sources */,
			);
			runOnlyForDeploymentPostprocessing = 0;
		};
/* End PBXSourcesBuildPhase section */

/* Begin XCBuildConfiguration section */
		04F76D6B2C8E1D5D00DF30C0 /* Debug */ = {
			isa = XCBuildConfiguration;
			buildSettings = {
				ALWAYS_SEARCH_USER_PATHS = NO;
				ASSETCATALOG_COMPILER_GENERATE_SWIFT_ASSET_SYMBOL_EXTENSIONS = YES;
				CLANG_ANALYZER_NONNULL = YES;
				CLANG_ANALYZER_NUMBER_OBJECT_CONVERSION = YES_AGGRESSIVE;
				CLANG_CXX_LANGUAGE_STANDARD = "gnu++20";
				CLANG_ENABLE_MODULES = YES;
				CLANG_ENABLE_OBJC_ARC = YES;
				CLANG_ENABLE_OBJC_WEAK = YES;
				CLANG_WARN_BLOCK_CAPTURE_AUTORELEASING = YES;
				CLANG_WARN_BOOL_CONVERSION = YES;
				CLANG_WARN_COMMA = YES;
				CLANG_WARN_CONSTANT_CONVERSION = YES;
				CLANG_WARN_DEPRECATED_OBJC_IMPLEMENTATIONS = YES;
				CLANG_WARN_DIRECT_OBJC_ISA_USAGE = YES_ERROR;
				CLANG_WARN_DOCUMENTATION_COMMENTS = YES;
				CLANG_WARN_EMPTY_BODY = YES;
				CLANG_WARN_ENUM_CONVERSION = YES;
				CLANG_WARN_INFINITE_RECURSION = YES;
				CLANG_WARN_INT_CONVERSION = YES;
				CLANG_WARN_NON_LITERAL_NULL_CONVERSION = YES;
				CLANG_WARN_OBJC_IMPLICIT_RETAIN_SELF = YES;
				CLANG_WARN_OBJC_LITERAL_CONVERSION = YES;
				CLANG_WARN_OBJC_ROOT_CLASS = YES_ERROR;
				CLANG_WARN_QUOTED_INCLUDE_IN_FRAMEWORK_HEADER = YES;
				CLANG_WARN_RANGE_LOOP_ANALYSIS = YES;
				CLANG_WARN_STRICT_PROTOTYPES = YES;
				CLANG_WARN_SUSPICIOUS_MOVE = YES;
				CLANG_WARN_UNGUARDED_AVAILABILITY = YES_AGGRESSIVE;
				CLANG_WARN_UNREACHABLE_CODE = YES;
				CLANG_WARN__DUPLICATE_METHOD_MATCH = YES;
				COPY_PHASE_STRIP = NO;
				DEBUG_INFORMATION_FORMAT = dwarf;
				ENABLE_STRICT_OBJC_MSGSEND = YES;
				ENABLE_TESTABILITY = YES;
				ENABLE_USER_SCRIPT_SANDBOXING = YES;
				GCC_C_LANGUAGE_STANDARD = gnu17;
				GCC_DYNAMIC_NO_PIC = NO;
				GCC_NO_COMMON_BLOCKS = YES;
				GCC_OPTIMIZATION_LEVEL = 0;
				GCC_PREPROCESSOR_DEFINITIONS = (
					"DEBUG=1",
					"$(inherited)",
				);
				GCC_WARN_64_TO_32_BIT_CONVERSION = YES;
				GCC_WARN_ABOUT_RETURN_TYPE = YES_ERROR;
				GCC_WARN_UNDECLARED_SELECTOR = YES;
				GCC_WARN_UNINITIALIZED_AUTOS = YES_AGGRESSIVE;
				GCC_WARN_UNUSED_FUNCTION = YES;
				GCC_WARN_UNUSED_VARIABLE = YES;
				IPHONEOS_DEPLOYMENT_TARGET = 17.5;
				LOCALIZATION_PREFERS_STRING_CATALOGS = YES;
				MTL_ENABLE_DEBUG_INFO = INCLUDE_SOURCE;
				MTL_FAST_MATH = YES;
				ONLY_ACTIVE_ARCH = YES;
				SDKROOT = iphoneos;
				SWIFT_ACTIVE_COMPILATION_CONDITIONS = "DEBUG $(inherited)";
				SWIFT_OPTIMIZATION_LEVEL = "-Onone";
			};
			name = Debug;
		};
		04F76D6C2C8E1D5D00DF30C0 /* Release */ = {
			isa = XCBuildConfiguration;
			buildSettings = {
				ALWAYS_SEARCH_USER_PATHS = NO;
				ASSETCATALOG_COMPILER_GENERATE_SWIFT_ASSET_SYMBOL_EXTENSIONS = YES;
				CLANG_ANALYZER_NONNULL = YES;
				CLANG_ANALYZER_NUMBER_OBJECT_CONVERSION = YES_AGGRESSIVE;
				CLANG_CXX_LANGUAGE_STANDARD = "gnu++20";
				CLANG_ENABLE_MODULES = YES;
				CLANG_ENABLE_OBJC_ARC = YES;
				CLANG_ENABLE_OBJC_WEAK = YES;
				CLANG_WARN_BLOCK_CAPTURE_AUTORELEASING = YES;
				CLANG_WARN_BOOL_CONVERSION = YES;
				CLANG_WARN_COMMA = YES;
				CLANG_WARN_CONSTANT_CONVERSION = YES;
				CLANG_WARN_DEPRECATED_OBJC_IMPLEMENTATIONS = YES;
				CLANG_WARN_DIRECT_OBJC_ISA_USAGE = YES_ERROR;
				CLANG_WARN_DOCUMENTATION_COMMENTS = YES;
				CLANG_WARN_EMPTY_BODY = YES;
				CLANG_WARN_ENUM_CONVERSION = YES;
				CLANG_WARN_INFINITE_RECURSION = YES;
				CLANG_WARN_INT_CONVERSION = YES;
				CLANG_WARN_NON_LITERAL_NULL_CONVERSION = YES;
				CLANG_WARN_OBJC_IMPLICIT_RETAIN_SELF = YES;
				CLANG_WARN_OBJC_LITERAL_CONVERSION = YES;
				CLANG_WARN_OBJC_ROOT_CLASS = YES_ERROR;
				CLANG_WARN_QUOTED_INCLUDE_IN_FRAMEWORK_HEADER = YES;
				CLANG_WARN_RANGE_LOOP_ANALYSIS = YES;
				CLANG_WARN_STRICT_PROTOTYPES = YES;
				CLANG_WARN_SUSPICIOUS_MOVE = YES;
				CLANG_WARN_UNGUARDED_AVAILABILITY = YES_AGGRESSIVE;
				CLANG_WARN_UNREACHABLE_CODE = YES;
				CLANG_WARN__DUPLICATE_METHOD_MATCH = YES;
				COPY_PHASE_STRIP = NO;
				DEBUG_INFORMATION_FORMAT = "dwarf-with-dsym";
				ENABLE_NS_ASSERTIONS = NO;
				ENABLE_STRICT_OBJC_MSGSEND = YES;
				ENABLE_USER_SCRIPT_SANDBOXING = YES;
				GCC_C_LANGUAGE_STANDARD = gnu17;
				GCC_NO_COMMON_BLOCKS = YES;
				GCC_WARN_64_TO_32_BIT_CONVERSION = YES;
				GCC_WARN_ABOUT_RETURN_TYPE = YES_ERROR;
				GCC_WARN_UNDECLARED_SELECTOR = YES;
				GCC_WARN_UNINITIALIZED_AUTOS = YES_AGGRESSIVE;
				GCC_WARN_UNUSED_FUNCTION = YES;
				GCC_WARN_UNUSED_VARIABLE = YES;
				IPHONEOS_DEPLOYMENT_TARGET = 17.5;
				LOCALIZATION_PREFERS_STRING_CATALOGS = YES;
				MTL_ENABLE_DEBUG_INFO = NO;
				MTL_FAST_MATH = YES;
				SDKROOT = iphoneos;
				SWIFT_COMPILATION_MODE = wholemodule;
				VALIDATE_PRODUCT = YES;
			};
			name = Release;
		};
		04F76D6E2C8E1D5D00DF30C0 /* Debug */ = {
			isa = XCBuildConfiguration;
			buildSettings = {
				ASSETCATALOG_COMPILER_APPICON_NAME = AppIcon;
				ASSETCATALOG_COMPILER_GLOBAL_ACCENT_COLOR_NAME = AccentColor;
				CODE_SIGN_STYLE = Automatic;
				CURRENT_PROJECT_VERSION = 1;
				DEVELOPMENT_ASSET_PATHS = "\"MessagingApp/Preview Content\"";
				DEVELOPMENT_TEAM = LWSYR986M3;
				ENABLE_PREVIEWS = YES;
				GENERATE_INFOPLIST_FILE = YES;
				INFOPLIST_KEY_UIApplicationSceneManifest_Generation = YES;
				INFOPLIST_KEY_UIApplicationSupportsIndirectInputEvents = YES;
				INFOPLIST_KEY_UILaunchScreen_Generation = YES;
				INFOPLIST_KEY_UISupportedInterfaceOrientations_iPad = "UIInterfaceOrientationPortrait UIInterfaceOrientationPortraitUpsideDown UIInterfaceOrientationLandscapeLeft UIInterfaceOrientationLandscapeRight";
				INFOPLIST_KEY_UISupportedInterfaceOrientations_iPhone = "UIInterfaceOrientationPortrait UIInterfaceOrientationLandscapeLeft UIInterfaceOrientationLandscapeRight";
				LD_RUNPATH_SEARCH_PATHS = (
					"$(inherited)",
					"@executable_path/Frameworks",
				);
				MARKETING_VERSION = 1.0;
				PRODUCT_BUNDLE_IDENTIFIER = com.pstha.MessagingApp;
				PRODUCT_NAME = "$(TARGET_NAME)";
				SWIFT_EMIT_LOC_STRINGS = YES;
				SWIFT_VERSION = 5.0;
				TARGETED_DEVICE_FAMILY = "1,2";
			};
			name = Debug;
		};
		04F76D6F2C8E1D5D00DF30C0 /* Release */ = {
			isa = XCBuildConfiguration;
			buildSettings = {
				ASSETCATALOG_COMPILER_APPICON_NAME = AppIcon;
				ASSETCATALOG_COMPILER_GLOBAL_ACCENT_COLOR_NAME = AccentColor;
				CODE_SIGN_STYLE = Automatic;
				CURRENT_PROJECT_VERSION = 1;
				DEVELOPMENT_ASSET_PATHS = "\"MessagingApp/Preview Content\"";
				DEVELOPMENT_TEAM = LWSYR986M3;
				ENABLE_PREVIEWS = YES;
				GENERATE_INFOPLIST_FILE = YES;
				INFOPLIST_KEY_UIApplicationSceneManifest_Generation = YES;
				INFOPLIST_KEY_UIApplicationSupportsIndirectInputEvents = YES;
				INFOPLIST_KEY_UILaunchScreen_Generation = YES;
				INFOPLIST_KEY_UISupportedInterfaceOrientations_iPad = "UIInterfaceOrientationPortrait UIInterfaceOrientationPortraitUpsideDown UIInterfaceOrientationLandscapeLeft UIInterfaceOrientationLandscapeRight";
				INFOPLIST_KEY_UISupportedInterfaceOrientations_iPhone = "UIInterfaceOrientationPortrait UIInterfaceOrientationLandscapeLeft UIInterfaceOrientationLandscapeRight";
				LD_RUNPATH_SEARCH_PATHS = (
					"$(inherited)",
					"@executable_path/Frameworks",
				);
				MARKETING_VERSION = 1.0;
				PRODUCT_BUNDLE_IDENTIFIER = com.pstha.MessagingApp;
				PRODUCT_NAME = "$(TARGET_NAME)";
				SWIFT_EMIT_LOC_STRINGS = YES;
				SWIFT_VERSION = 5.0;
				TARGETED_DEVICE_FAMILY = "1,2";
			};
			name = Release;
		};
/* End XCBuildConfiguration section */

/* Begin XCConfigurationList section */
		04F76D5A2C8E1D5B00DF30C0 /* Build configuration list for PBXProject "MessagingApp" */ = {
			isa = XCConfigurationList;
			buildConfigurations = (
				04F76D6B2C8E1D5D00DF30C0 /* Debug */,
				04F76D6C2C8E1D5D00DF30C0 /* Release */,
			);
			defaultConfigurationIsVisible = 0;
			defaultConfigurationName = Release;
		};
		04F76D6D2C8E1D5D00DF30C0 /* Build configuration list for PBXNativeTarget "MessagingApp" */ = {
			isa = XCConfigurationList;
			buildConfigurations = (
				04F76D6E2C8E1D5D00DF30C0 /* Debug */,
				04F76D6F2C8E1D5D00DF30C0 /* Release */,
			);
			defaultConfigurationIsVisible = 0;
			defaultConfigurationName = Release;
		};
/* End XCConfigurationList section */

/* Begin XCRemoteSwiftPackageReference section */
		04F76D722C8E1E9100DF30C0 /* XCRemoteSwiftPackageReference "firebase-ios-sdk" */ = {
			isa = XCRemoteSwiftPackageReference;
			repositoryURL = "https://github.com/firebase/firebase-ios-sdk.git";
			requirement = {
				kind = upToNextMajorVersion;
				minimumVersion = 11.1.0;
			};
		};
/* End XCRemoteSwiftPackageReference section */

/* Begin XCSwiftPackageProductDependency section */
		04F76D732C8E1E9100DF30C0 /* FirebaseAuth */ = {
			isa = XCSwiftPackageProductDependency;
			package = 04F76D722C8E1E9100DF30C0 /* XCRemoteSwiftPackageReference "firebase-ios-sdk" */;
			productName = FirebaseAuth;
		};
		04F76D752C8E1E9100DF30C0 /* FirebaseAuthCombine-Community */ = {
			isa = XCSwiftPackageProductDependency;
			package = 04F76D722C8E1E9100DF30C0 /* XCRemoteSwiftPackageReference "firebase-ios-sdk" */;
			productName = "FirebaseAuthCombine-Community";
		};
		04F76D772C8E1E9100DF30C0 /* FirebaseFirestore */ = {
			isa = XCSwiftPackageProductDependency;
			package = 04F76D722C8E1E9100DF30C0 /* XCRemoteSwiftPackageReference "firebase-ios-sdk" */;
			productName = FirebaseFirestore;
		};
		04F76D792C8E1E9100DF30C0 /* FirebaseFirestoreCombine-Community */ = {
			isa = XCSwiftPackageProductDependency;
			package = 04F76D722C8E1E9100DF30C0 /* XCRemoteSwiftPackageReference "firebase-ios-sdk" */;
			productName = "FirebaseFirestoreCombine-Community";
		};
		04F76D7B2C8E1E9100DF30C0 /* FirebaseStorage */ = {
			isa = XCSwiftPackageProductDependency;
			package = 04F76D722C8E1E9100DF30C0 /* XCRemoteSwiftPackageReference "firebase-ios-sdk" */;
			productName = FirebaseStorage;
		};
		04F76D7D2C8E1E9100DF30C0 /* FirebaseStorageCombine-Community */ = {
			isa = XCSwiftPackageProductDependency;
			package = 04F76D722C8E1E9100DF30C0 /* XCRemoteSwiftPackageReference "firebase-ios-sdk" */;
			productName = "FirebaseStorageCombine-Community";
		};
/* End XCSwiftPackageProductDependency section */
	};
	rootObject = 04F76D572C8E1D5B00DF30C0 /* Project object */;
}
